<?xml version="1.0" encoding="utf-8"?>
<Project ToolsVersion="4.0" xmlns="http://schemas.microsoft.com/developer/msbuild/2003">
  <ItemGroup>
    <Filter Include="Source Files">
      <UniqueIdentifier>{4FC737F1-C7A5-4376-A066-2A32D752A2FF}</UniqueIdentifier>
      <Extensions>cpp;c;cc;cxx;def;odl;idl;hpj;bat;asm;asmx</Extensions>
    </Filter>
    <Filter Include="Header Files">
      <UniqueIdentifier>{93995380-89BD-4b04-88EB-625FBE52EBFB}</UniqueIdentifier>
      <Extensions>h;hh;hpp;hxx;hm;inl;inc;xsd</Extensions>
    </Filter>
    <Filter Include="Resource Files">
      <UniqueIdentifier>{67DA6AB6-F800-4c08-8B7A-83BB121AAD01}</UniqueIdentifier>
      <Extensions>rc;ico;cur;bmp;dlg;rc2;rct;bin;rgs;gif;jpg;jpeg;jpe;resx;tiff;tif;png;wav;mfcribbon-ms</Extensions>
    </Filter>
  </ItemGroup>
  <ItemGroup>
    <Text Include="ReadMe.txt" />
  </ItemGroup>
  <ItemGroup>
    <ClInclude Include="stdafx.h">
      <Filter>Header Files</Filter>
    </ClInclude>
    <ClInclude Include="targetver.h">
      <Filter>Header Files</Filter>
    </ClInclude>
    <ClInclude Include="OOP\PinballObject.h">
      <Filter>Header Files</Filter>
    </ClInclude>
    <ClInclude Include="OOP\HardwareSerial.h">
      <Filter>Header Files</Filter>
    </ClInclude>
    <ClInclude Include="OOP\Vector.h">
      <Filter>Header Files</Filter>
    </ClInclude>
    <ClInclude Include="OOP\defines.h">
      <Filter>Header Files</Filter>
    </ClInclude>
    <ClInclude Include="OOP\Utils.h">
      <Filter>Header Files</Filter>
    </ClInclude>
    <ClInclude Include="OOP\Input.h">
      <Filter>Header Files</Filter>
    </ClInclude>
    <ClInclude Include="OOP\Output.h">
      <Filter>Header Files</Filter>
    </ClInclude>
    <ClInclude Include="OOP\Port.h">
      <Filter>Header Files</Filter>
    </ClInclude>
    <ClInclude Include="OOP\Pinball.h">
      <Filter>Header Files</Filter>
    </ClInclude>
    <ClInclude Include="OOP\SlingShot.h">
      <Filter>Header Files</Filter>
    </ClInclude>
    <ClInclude Include="OOP\KickoutHole.h">
      <Filter>Header Files</Filter>
    </ClInclude>
    <ClInclude Include="OOP\Timer.h">
      <Filter>Header Files</Filter>
    </ClInclude>
    <ClInclude Include="OOP\DropTarget.h">
      <Filter>Header Files</Filter>
    </ClInclude>
    <ClInclude Include="OOP\Bumper.h">
      <Filter>Header Files</Filter>
    </ClInclude>
    <ClInclude Include="OOP\Light.h">
      <Filter>Header Files</Filter>
    </ClInclude>
    <ClInclude Include="OOP\ht1632pinball.h">
      <Filter>Header Files</Filter>
    </ClInclude>
    <ClInclude Include="OOP\OutBall.h">
      <Filter>Header Files</Filter>
    </ClInclude>
    <ClInclude Include="OOP\PinballMaster.h">
      <Filter>Header Files</Filter>
    </ClInclude>
    <ClInclude Include="OOP\PinballSlave.h">
      <Filter>Header Files</Filter>
    </ClInclude>
    <ClInclude Include="OOP\Menu.h">
      <Filter>Header Files</Filter>
    </ClInclude>
    <ClInclude Include="OOP\Multiplex.h">
      <Filter>Header Files</Filter>
    </ClInclude>
    <ClInclude Include="OOP\DefinesMp3.h">
      <Filter>Header Files</Filter>
    </ClInclude>
    <ClInclude Include="OOP\SelfTest.h">
      <Filter>Header Files</Filter>
    </ClInclude>
    <ClInclude Include="OOP\SequencerLeds.h">
      <Filter>Header Files</Filter>
    </ClInclude>
    <ClInclude Include="OOP\ReturnKickBall.h">
      <Filter>Header Files</Filter>
    </ClInclude>
    <ClInclude Include="OOP\AccumulatorBall.h">
      <Filter>Header Files</Filter>
    </ClInclude>
    <ClInclude Include="OOP\Target.h">
      <Filter>Header Files</Filter>
    </ClInclude>
    <ClInclude Include="OOP\Flag.h">
      <Filter>Header Files</Filter>
    </ClInclude>
    <ClInclude Include="OOP\Object.h">
      <Filter>Header Files</Filter>
    </ClInclude>
    <ClInclude Include="OOP\LedControl.h">
      <Filter>Header Files</Filter>
    </ClInclude>
    <ClInclude Include="OOP\InputArduino.h">
      <Filter>Header Files</Filter>
    </ClInclude>
    <ClInclude Include="OOP\OutputArduino.h">
      <Filter>Header Files</Filter>
    </ClInclude>
  </ItemGroup>
  <ItemGroup>
    <ClCompile Include="stdafx.cpp">
      <Filter>Source Files</Filter>
    </ClCompile>
    <ClCompile Include="TestPinb.cpp">
      <Filter>Source Files</Filter>
    </ClCompile>
    <ClCompile Include="OOP\PinballObject.cpp">
      <Filter>Source Files</Filter>
    </ClCompile>
    <ClCompile Include="OOP\HardwareSerial.cpp">
      <Filter>Source Files</Filter>
    </ClCompile>
    <ClCompile Include="OOP\Utils.cpp">
      <Filter>Source Files</Filter>
    </ClCompile>
    <ClCompile Include="OOP\Input.cpp">
      <Filter>Source Files</Filter>
    </ClCompile>
    <ClCompile Include="OOP\Output.cpp">
      <Filter>Source Files</Filter>
    </ClCompile>
    <ClCompile Include="OOP\Port.cpp">
      <Filter>Source Files</Filter>
    </ClCompile>
    <ClCompile Include="OOP\Pinball.cpp">
      <Filter>Source Files</Filter>
    </ClCompile>
    <ClCompile Include="OOP\SlingShot.cpp">
      <Filter>Source Files</Filter>
    </ClCompile>
    <ClCompile Include="OOP\KickoutHole.cpp">
      <Filter>Source Files</Filter>
    </ClCompile>
    <ClCompile Include="OOP\Timer.cpp">
      <Filter>Source Files</Filter>
    </ClCompile>
    <ClCompile Include="OOP\DropTarget.cpp">
      <Filter>Source Files</Filter>
    </ClCompile>
    <ClCompile Include="OOP\Bumper.cpp">
      <Filter>Source Files</Filter>
    </ClCompile>
    <ClCompile Include="OOP\Light.cpp">
      <Filter>Source Files</Filter>
    </ClCompile>
    <ClCompile Include="OOP\OutBall.cpp">
      <Filter>Source Files</Filter>
    </ClCompile>
    <ClCompile Include="OOP\PinballMaster.cpp">
      <Filter>Source Files</Filter>
    </ClCompile>
    <ClCompile Include="OOP\PinballSlave.cpp">
      <Filter>Source Files</Filter>
    </ClCompile>
    <ClCompile Include="OOP\Menu.cpp">
      <Filter>Source Files</Filter>
    </ClCompile>
    <ClCompile Include="OOP\Multiplex.cpp">
      <Filter>Source Files</Filter>
    </ClCompile>
    <ClCompile Include="OOP\SelfTest.cpp">
      <Filter>Source Files</Filter>
    </ClCompile>
    <ClCompile Include="OOP\SequencerLeds.cpp">
      <Filter>Source Files</Filter>
    </ClCompile>
    <ClCompile Include="OOP\ReturnKickBall.cpp">
      <Filter>Source Files</Filter>
    </ClCompile>
    <ClCompile Include="OOP\AccumulatorBall.cpp">
      <Filter>Source Files</Filter>
    </ClCompile>
    <ClCompile Include="OOP\Target.cpp">
      <Filter>Source Files</Filter>
    </ClCompile>
    <ClCompile Include="OOP\Object.cpp">
      <Filter>Source Files</Filter>
    </ClCompile>
    <ClCompile Include="OOP\LedControl.cpp">
      <Filter>Source Files</Filter>
    </ClCompile>
    <ClCompile Include="OOP\InputArduino.cpp">
      <Filter>Source Files</Filter>
    </ClCompile>
    <ClCompile Include="OOP\OutputArduino.cpp">
      <Filter>Source Files</Filter>
    </ClCompile>
  </ItemGroup>
</Project>