<?xml version="1.0" encoding="utf-8"?>
<Project ToolsVersion="4.0" xmlns="http://schemas.microsoft.com/developer/msbuild/2003">
  <ItemGroup>
    <Filter Include="Source Files">
      <UniqueIdentifier>{4FC737F1-C7A5-4376-A066-2A32D752A2FF}</UniqueIdentifier>
      <Extensions>cpp;c;cc;cxx;def;odl;idl;hpj;bat;asm;asmx</Extensions>
    </Filter>
    <Filter Include="Header Files">
      <UniqueIdentifier>{93995380-89BD-4b04-88EB-625FBE52EBFB}</UniqueIdentifier>
      <Extensions>h;hh;hpp;hxx;hm;inl;inc;xsd</Extensions>
    </Filter>
    <Filter Include="Resource Files">
      <UniqueIdentifier>{67DA6AB6-F800-4c08-8B7A-83BB121AAD01}</UniqueIdentifier>
      <Extensions>rc;ico;cur;bmp;dlg;rc2;rct;bin;rgs;gif;jpg;jpeg;jpe;resx;tiff;tif;png;wav;mfcribbon-ms</Extensions>
    </Filter>
  </ItemGroup>
  <ItemGroup>
    <Text Include="ReadMe.txt" />
  </ItemGroup>
  <ItemGroup>
    <ClInclude Include="stdafx.h">
      <Filter>Header Files</Filter>
    </ClInclude>
    <ClInclude Include="targetver.h">
      <Filter>Header Files</Filter>
    </ClInclude>
    <ClInclude Include="PinballClasses\Button.h">
      <Filter>Header Files</Filter>
    </ClInclude>
    <ClInclude Include="PinballClasses\Observer.h">
      <Filter>Header Files</Filter>
    </ClInclude>
    <ClInclude Include="PinballClasses\PinballMachine.h">
      <Filter>Header Files</Filter>
    </ClInclude>
    <ClInclude Include="PinballClasses\Runnable.h">
      <Filter>Header Files</Filter>
    </ClInclude>
    <ClInclude Include="PinballClasses\Subject.h">
      <Filter>Header Files</Filter>
    </ClInclude>
    <ClInclude Include="PinballClasses\EventType.h">
      <Filter>Header Files</Filter>
    </ClInclude>
    <ClInclude Include="PinballClasses\MultiplexInputs.h">
      <Filter>Header Files</Filter>
    </ClInclude>
    <ClInclude Include="PinballClasses\BitInput.h">
      <Filter>Header Files</Filter>
    </ClInclude>
    <ClInclude Include="PinballClasses\MultiplexOutputs.h">
      <Filter>Header Files</Filter>
    </ClInclude>
    <ClInclude Include="PinballClasses\LatchOutputs.h">
      <Filter>Header Files</Filter>
    </ClInclude>
    <ClInclude Include="PinballClasses\BitOutput.h">
      <Filter>Header Files</Filter>
    </ClInclude>
    <ClInclude Include="PinballClasses\Initializable.h">
      <Filter>Header Files</Filter>
    </ClInclude>
    <ClInclude Include="PinballClasses\NewTimer.h">
      <Filter>Header Files</Filter>
    </ClInclude>
    <ClInclude Include="PinballClasses\Door.h">
      <Filter>Header Files</Filter>
    </ClInclude>
    <ClInclude Include="PinballClasses\PlayfieldClasses\AccumulatorBall.h">
      <Filter>Header Files</Filter>
    </ClInclude>
    <ClInclude Include="PinballClasses\PlayfieldClasses\Bumper.h">
      <Filter>Header Files</Filter>
    </ClInclude>
    <ClInclude Include="PinballClasses\PlayfieldClasses\DropTarget.h">
      <Filter>Header Files</Filter>
    </ClInclude>
    <ClInclude Include="PinballClasses\PlayfieldClasses\KickoutHole.h">
      <Filter>Header Files</Filter>
    </ClInclude>
    <ClInclude Include="PinballClasses\PlayfieldClasses\OutBall.h">
      <Filter>Header Files</Filter>
    </ClInclude>
    <ClInclude Include="PinballClasses\PlayfieldClasses\ReturnKickBall.h">
      <Filter>Header Files</Filter>
    </ClInclude>
    <ClInclude Include="PinballClasses\PlayfieldClasses\SlingShot.h">
      <Filter>Header Files</Filter>
    </ClInclude>
    <ClInclude Include="PinballClasses\LedControl.h">
      <Filter>Header Files</Filter>
    </ClInclude>
    <ClInclude Include="PinballClasses\Playfield.h">
      <Filter>Header Files</Filter>
    </ClInclude>
    <ClInclude Include="PinballClasses\PlayfieldClasses\Target.h">
      <Filter>Header Files</Filter>
    </ClInclude>
    <ClInclude Include="PinballClasses\Menu.h">
      <Filter>Header Files</Filter>
    </ClInclude>
    <ClInclude Include="PinballClasses\SelfTest.h">
      <Filter>Header Files</Filter>
    </ClInclude>
    <ClInclude Include="PinballClasses\SequencerLeds.h">
      <Filter>Header Files</Filter>
    </ClInclude>
    <ClInclude Include="PinballClasses\defines.h">
      <Filter>Header Files</Filter>
    </ClInclude>
    <ClInclude Include="PinballClasses\DefinesMp3.h">
      <Filter>Header Files</Filter>
    </ClInclude>
    <ClInclude Include="PinballClasses\Flag.h">
      <Filter>Header Files</Filter>
    </ClInclude>
    <ClInclude Include="PinballClasses\HardwareSerial.h">
      <Filter>Header Files</Filter>
    </ClInclude>
    <ClInclude Include="PinballClasses\ht1632pinball.h">
      <Filter>Header Files</Filter>
    </ClInclude>
    <ClInclude Include="PinballClasses\Utils.h">
      <Filter>Header Files</Filter>
    </ClInclude>
    <ClInclude Include="PinballClasses\Vector.h">
      <Filter>Header Files</Filter>
    </ClInclude>
    <ClInclude Include="PinballClasses\font.h">
      <Filter>Header Files</Filter>
    </ClInclude>
    <ClInclude Include="PinballClasses\Logger.h">
      <Filter>Header Files</Filter>
    </ClInclude>
  </ItemGroup>
  <ItemGroup>
    <ClCompile Include="stdafx.cpp">
      <Filter>Source Files</Filter>
    </ClCompile>
    <ClCompile Include="TestPinb.cpp">
      <Filter>Source Files</Filter>
    </ClCompile>
    <ClCompile Include="PinballClasses\Button.cpp">
      <Filter>Source Files</Filter>
    </ClCompile>
    <ClCompile Include="PinballClasses\Observer.cpp">
      <Filter>Source Files</Filter>
    </ClCompile>
    <ClCompile Include="PinballClasses\PinballMachine.cpp">
      <Filter>Source Files</Filter>
    </ClCompile>
    <ClCompile Include="PinballClasses\Runnable.cpp">
      <Filter>Source Files</Filter>
    </ClCompile>
    <ClCompile Include="PinballClasses\Subject.cpp">
      <Filter>Source Files</Filter>
    </ClCompile>
    <ClCompile Include="PinballClasses\MultiplexInputs.cpp">
      <Filter>Source Files</Filter>
    </ClCompile>
    <ClCompile Include="PinballClasses\BitInput.cpp">
      <Filter>Source Files</Filter>
    </ClCompile>
    <ClCompile Include="PinballClasses\MultiplexOutputs.cpp">
      <Filter>Source Files</Filter>
    </ClCompile>
    <ClCompile Include="PinballClasses\LatchOutputs.cpp">
      <Filter>Source Files</Filter>
    </ClCompile>
    <ClCompile Include="PinballClasses\BitOutput.cpp">
      <Filter>Source Files</Filter>
    </ClCompile>
    <ClCompile Include="PinballClasses\Initializable.cpp">
      <Filter>Source Files</Filter>
    </ClCompile>
    <ClCompile Include="PinballClasses\NewTimer.cpp">
      <Filter>Source Files</Filter>
    </ClCompile>
    <ClCompile Include="PinballClasses\Door.cpp">
      <Filter>Source Files</Filter>
    </ClCompile>
    <ClCompile Include="PinballClasses\PlayfieldClasses\AccumulatorBall.cpp">
      <Filter>Source Files</Filter>
    </ClCompile>
    <ClCompile Include="PinballClasses\PlayfieldClasses\Bumper.cpp">
      <Filter>Source Files</Filter>
    </ClCompile>
    <ClCompile Include="PinballClasses\PlayfieldClasses\DropTarget.cpp">
      <Filter>Source Files</Filter>
    </ClCompile>
    <ClCompile Include="PinballClasses\PlayfieldClasses\KickoutHole.cpp">
      <Filter>Source Files</Filter>
    </ClCompile>
    <ClCompile Include="PinballClasses\PlayfieldClasses\OutBall.cpp">
      <Filter>Source Files</Filter>
    </ClCompile>
    <ClCompile Include="PinballClasses\PlayfieldClasses\ReturnKickBall.cpp">
      <Filter>Source Files</Filter>
    </ClCompile>
    <ClCompile Include="PinballClasses\PlayfieldClasses\SlingShot.cpp">
      <Filter>Source Files</Filter>
    </ClCompile>
    <ClCompile Include="PinballClasses\LedControl.cpp">
      <Filter>Source Files</Filter>
    </ClCompile>
    <ClCompile Include="PinballClasses\Playfield.cpp">
      <Filter>Source Files</Filter>
    </ClCompile>
    <ClCompile Include="PinballClasses\PlayfieldClasses\Target.cpp">
      <Filter>Source Files</Filter>
    </ClCompile>
    <ClCompile Include="PinballClasses\Menu.cpp">
      <Filter>Source Files</Filter>
    </ClCompile>
    <ClCompile Include="PinballClasses\SelfTest.cpp">
      <Filter>Source Files</Filter>
    </ClCompile>
    <ClCompile Include="PinballClasses\SequencerLeds.cpp">
      <Filter>Source Files</Filter>
    </ClCompile>
    <ClCompile Include="PinballClasses\HardwareSerial.cpp">
      <Filter>Source Files</Filter>
    </ClCompile>
    <ClCompile Include="PinballClasses\Utils.cpp">
      <Filter>Source Files</Filter>
    </ClCompile>
    <ClCompile Include="PinballClasses\Logger.cpp">
      <Filter>Source Files</Filter>
    </ClCompile>
  </ItemGroup>
</Project>